{
    "_readme": [
        "This file locks the dependencies of your project to a known state",
        "Read more about it at https://getcomposer.org/doc/01-basic-usage.md#installing-dependencies",
        "This file is @generated automatically"
    ],
    "content-hash": "ce808e00244b1d7c35084847dc0430f9",
    "packages": [
        {
            "name": "composer/semver",
            "version": "3.4.4",
            "source": {
                "type": "git",
                "url": "https://github.com/composer/semver.git",
                "reference": "198166618906cb2de69b95d7d47e5fa8aa1b2b95"
            },
            "dist": {
                "type": "zip",
                "url": "https://api.github.com/repos/composer/semver/zipball/198166618906cb2de69b95d7d47e5fa8aa1b2b95",
                "reference": "198166618906cb2de69b95d7d47e5fa8aa1b2b95",
                "shasum": ""
            },
            "require": {
                "php": "^5.3.2 || ^7.0 || ^8.0"
            },
            "require-dev": {
                "phpstan/phpstan": "^1.11",
                "symfony/phpunit-bridge": "^3 || ^7"
            },
            "type": "library",
            "extra": {
                "branch-alias": {
                    "dev-main": "3.x-dev"
                }
            },
            "autoload": {
                "psr-4": {
                    "Composer\\Semver\\": "src"
                }
            },
            "notification-url": "https://packagist.org/downloads/",
            "license": [
                "MIT"
            ],
            "authors": [
                {
                    "name": "Nils Adermann",
                    "email": "naderman@naderman.de",
                    "homepage": "http://www.naderman.de"
                },
                {
                    "name": "Jordi Boggiano",
                    "email": "j.boggiano@seld.be",
                    "homepage": "http://seld.be"
                },
                {
                    "name": "Rob Bast",
                    "email": "rob.bast@gmail.com",
                    "homepage": "http://robbast.nl"
                }
            ],
            "description": "Semver library that offers utilities, version constraint parsing and validation.",
            "keywords": [
                "semantic",
                "semver",
                "validation",
                "versioning"
            ],
            "support": {
                "irc": "ircs://irc.libera.chat:6697/composer",
                "issues": "https://github.com/composer/semver/issues",
                "source": "https://github.com/composer/semver/tree/3.4.4"
            },
            "funding": [
                {
                    "url": "https://packagist.com",
                    "type": "custom"
                },
                {
                    "url": "https://github.com/composer",
                    "type": "github"
                }
            ],
            "time": "2025-08-20T19:15:30+00:00"
        },
        {
            "name": "orchestra/sidekick",
            "version": "v1.2.18",
            "source": {
                "type": "git",
                "url": "https://github.com/orchestral/sidekick.git",
                "reference": "0e080ef62eed6c45aaea3619566a1fce02b62094"
            },
            "dist": {
                "type": "zip",
                "url": "https://api.github.com/repos/orchestral/sidekick/zipball/0e080ef62eed6c45aaea3619566a1fce02b62094",
                "reference": "0e080ef62eed6c45aaea3619566a1fce02b62094",
                "shasum": ""
            },
            "require": {
                "composer-runtime-api": "^2.2",
                "composer/semver": "^3.0",
                "php": "^8.1",
                "symfony/polyfill-php83": "^1.32"
            },
            "require-dev": {
                "fakerphp/faker": "^1.21",
                "laravel/framework": "^10.48.29|^11.44.7|^12.1.1|^13.0",
                "laravel/pint": "^1.4",
                "mockery/mockery": "^1.5.1",
                "orchestra/testbench-core": "^8.37.0|^9.14.0|^10.2.0|^11.0",
                "phpstan/phpstan": "^2.1.14",
                "phpunit/phpunit": "^10.0|^11.0|^12.0",
                "symfony/process": "^6.0|^7.0"
            },
            "type": "library",
            "autoload": {
                "files": [
                    "src/Eloquent/functions.php",
                    "src/Http/functions.php",
                    "src/functions.php"
                ],
                "psr-4": {
                    "Orchestra\\Sidekick\\": "src/"
                }
            },
            "notification-url": "https://packagist.org/downloads/",
            "license": [
                "MIT"
            ],
            "authors": [
                {
                    "name": "Mior Muhammad Zaki",
                    "email": "crynobone@gmail.com"
                }
            ],
            "description": "Packages Toolkit Utilities and Helpers for Laravel",
            "support": {
                "issues": "https://github.com/orchestral/sidekick/issues",
                "source": "https://github.com/orchestral/sidekick/tree/v1.2.18"
            },
            "time": "2025-11-29T15:16:23+00:00"
        },
        {
            "name": "orchestra/testbench-core",
            "version": "v10.8.0",
            "source": {
                "type": "git",
                "url": "https://github.com/orchestral/testbench-core.git",
                "reference": "3da92b7038d8e924f4e5f2684585a50f1512327c"
            },
            "dist": {
                "type": "zip",
                "url": "https://api.github.com/repos/orchestral/testbench-core/zipball/3da92b7038d8e924f4e5f2684585a50f1512327c",
                "reference": "3da92b7038d8e924f4e5f2684585a50f1512327c",
                "shasum": ""
            },
            "require": {
                "composer-runtime-api": "^2.2",
                "orchestra/sidekick": "~1.1.20|~1.2.17",
                "php": "^8.2",
                "symfony/deprecation-contracts": "^2.5|^3.0",
                "symfony/polyfill-php83": "^1.32"
            },
            "conflict": {
                "brianium/paratest": "<7.3.0|>=8.0.0",
                "laravel/framework": "<12.40.0|>=13.0.0",
                "laravel/serializable-closure": "<1.3.0|>=2.0.0 <2.0.3|>=3.0.0",
                "nunomaduro/collision": "<8.0.0|>=9.0.0",
                "phpunit/phpunit": "<10.5.35|>=11.0.0 <11.5.3|12.0.0|>=12.5.0"
            },
            "require-dev": {
                "fakerphp/faker": "^1.24",
                "laravel/framework": "^12.40.0",
                "laravel/pint": "^1.24",
                "laravel/serializable-closure": "^1.3|^2.0.4",
                "mockery/mockery": "^1.6.10",
                "phpstan/phpstan": "^2.1.19",
                "phpunit/phpunit": "^10.5.35|^11.5.3|^12.0.1",
                "spatie/laravel-ray": "^1.42.0",
                "symfony/process": "^7.2.0",
                "symfony/yaml": "^7.2.0",
                "vlucas/phpdotenv": "^5.6.1"
            },
            "suggest": {
                "brianium/paratest": "Allow using parallel testing (^7.3).",
                "ext-pcntl": "Required to use all features of the console signal trapping.",
                "fakerphp/faker": "Allow using Faker for testing (^1.23).",
                "laravel/framework": "Required for testing (^12.40.0).",
                "mockery/mockery": "Allow using Mockery for testing (^1.6).",
                "nunomaduro/collision": "Allow using Laravel style tests output and parallel testing (^8.0).",
                "orchestra/testbench-dusk": "Allow using Laravel Dusk for testing (^10.0).",
                "phpunit/phpunit": "Allow using PHPUnit for testing (^10.5.35|^11.5.3|^12.0.1).",
                "symfony/process": "Required to use Orchestra\\Testbench\\remote function (^7.2).",
                "symfony/yaml": "Required for Testbench CLI (^7.2).",
                "vlucas/phpdotenv": "Required for Testbench CLI (^5.6.1)."
            },
            "bin": [
                "testbench"
            ],
            "type": "library",
            "autoload": {
                "files": [
                    "src/functions.php"
                ],
                "psr-4": {
                    "Orchestra\\Testbench\\": "src/"
                }
            },
            "notification-url": "https://packagist.org/downloads/",
            "license": [
                "MIT"
            ],
            "authors": [
                {
                    "name": "Mior Muhammad Zaki",
                    "email": "crynobone@gmail.com",
                    "homepage": "https://github.com/crynobone"
                }
            ],
            "description": "Testing Helper for Laravel Development",
            "homepage": "https://packages.tools/testbench",
            "keywords": [
                "BDD",
                "TDD",
                "dev",
                "laravel",
                "laravel-packages",
                "testing"
            ],
            "support": {
                "issues": "https://github.com/orchestral/testbench/issues",
                "source": "https://github.com/orchestral/testbench-core"
            },
            "time": "2025-11-24T01:27:10+00:00"
        },
        {
            "name": "symfony/deprecation-contracts",
            "version": "v3.6.0",
            "source": {
                "type": "git",
                "url": "https://github.com/symfony/deprecation-contracts.git",
                "reference": "63afe740e99a13ba87ec199bb07bbdee937a5b62"
            },
            "dist": {
                "type": "zip",
                "url": "https://api.github.com/repos/symfony/deprecation-contracts/zipball/63afe740e99a13ba87ec199bb07bbdee937a5b62",
                "reference": "63afe740e99a13ba87ec199bb07bbdee937a5b62",
                "shasum": ""
            },
            "require": {
                "php": ">=8.1"
            },
            "type": "library",
            "extra": {
                "thanks": {
                    "url": "https://github.com/symfony/contracts",
                    "name": "symfony/contracts"
                },
                "branch-alias": {
                    "dev-main": "3.6-dev"
                }
            },
            "autoload": {
                "files": [
                    "function.php"
                ]
            },
            "notification-url": "https://packagist.org/downloads/",
            "license": [
                "MIT"
            ],
            "authors": [
                {
                    "name": "Nicolas Grekas",
                    "email": "p@tchwork.com"
                },
                {
                    "name": "Symfony Community",
                    "homepage": "https://symfony.com/contributors"
                }
            ],
            "description": "A generic function and convention to trigger deprecation notices",
            "homepage": "https://symfony.com",
            "support": {
                "source": "https://github.com/symfony/deprecation-contracts/tree/v3.6.0"
            },
            "funding": [
                {
                    "url": "https://symfony.com/sponsor",
                    "type": "custom"
                },
                {
                    "url": "https://github.com/fabpot",
                    "type": "github"
                },
                {
                    "url": "https://tidelift.com/funding/github/packagist/symfony/symfony",
                    "type": "tidelift"
                }
            ],
            "time": "2024-09-25T14:21:43+00:00"
        },
        {
            "name": "symfony/polyfill-php83",
            "version": "v1.33.0",
            "source": {
                "type": "git",
                "url": "https://github.com/symfony/polyfill-php83.git",
                "reference": "17f6f9a6b1735c0f163024d959f700cfbc5155e5"
            },
            "dist": {
                "type": "zip",
                "url": "https://api.github.com/repos/symfony/polyfill-php83/zipball/17f6f9a6b1735c0f163024d959f700cfbc5155e5",
                "reference": "17f6f9a6b1735c0f163024d959f700cfbc5155e5",
                "shasum": ""
            },
            "require": {
                "php": ">=7.2"
            },
            "type": "library",
            "extra": {
                "thanks": {
                    "url": "https://github.com/symfony/polyfill",
                    "name": "symfony/polyfill"
                }
            },
            "autoload": {
                "files": [
                    "bootstrap.php"
                ],
                "psr-4": {
                    "Symfony\\Polyfill\\Php83\\": ""
                },
                "classmap": [
                    "Resources/stubs"
                ]
            },
            "notification-url": "https://packagist.org/downloads/",
            "license": [
                "MIT"
            ],
            "authors": [
                {
                    "name": "Nicolas Grekas",
                    "email": "p@tchwork.com"
                },
                {
                    "name": "Symfony Community",
                    "homepage": "https://symfony.com/contributors"
                }
            ],
            "description": "Symfony polyfill backporting some PHP 8.3+ features to lower PHP versions",
            "homepage": "https://symfony.com",
            "keywords": [
                "compatibility",
                "polyfill",
                "portable",
                "shim"
            ],
            "support": {
                "source": "https://github.com/symfony/polyfill-php83/tree/v1.33.0"
            },
            "funding": [
                {
                    "url": "https://symfony.com/sponsor",
                    "type": "custom"
                },
                {
                    "url": "https://github.com/fabpot",
                    "type": "github"
                },
                {
                    "url": "https://github.com/nicolas-grekas",
                    "type": "github"
                },
                {
                    "url": "https://tidelift.com/funding/github/packagist/symfony/symfony",
                    "type": "tidelift"
                }
            ],
            "time": "2025-07-08T02:45:35+00:00"
        }
    ],
    "packages-dev": [],
    "aliases": [],
    "minimum-stability": "stable",
    "stability-flags": {},
    "prefer-stable": false,
    "prefer-lowest": false,
    "platform": {},
    "platform-dev": {},
    "plugin-api-version": "2.6.0"
}
